#MicroXplorer Configuration settings - do not modify
Mcu.Family=STM32F1
RCC.PLLSourceVirtual=RCC_PLLSOURCE_HSE
ProjectManager.MainLocation=Core/Src
RCC.MCOFreq_Value=72000000
PB10.PinState=GPIO_PIN_SET
PB13.GPIOParameters=GPIO_Speed,PinState,GPIO_PuPd,GPIO_ModeDefaultOutputPP
ProjectManager.ProjectFileName=oled.ioc
PD1-OSC_OUT.Mode=HSE-External-Oscillator
ProjectManager.KeepUserCode=true
PB10.GPIO_Speed=GPIO_SPEED_FREQ_HIGH
Mcu.UserName=STM32F103C8Tx
Mcu.PinsNb=14
PB10.GPIO_PuPd=GPIO_PULLUP
ProjectManager.NoMain=false
RCC.PLLCLKFreq_Value=72000000
PB2.GPIO_Speed=GPIO_SPEED_FREQ_HIGH
ProjectManager.functionlistsort=1-MX_GPIO_Init-GPIO-false-HAL-true,2-SystemClock_Config-RCC-false-HAL-false,3-MX_TIM4_Init-TIM4-false-HAL-true
PB11.GPIO_Label=i2c1_SDA
RCC.ADCFreqValue=36000000
ProjectManager.DefaultFWLocation=true
PB0.GPIO_Label=i2c2_SCL
PD0-OSC_IN.Signal=RCC_OSC_IN
PB12.Locked=true
ProjectManager.DeletePrevious=true
PB11.GPIO_PuPd=GPIO_PULLUP
RCC.APB1CLKDivider=RCC_HCLK_DIV2
PB10.Locked=true
PB11.Signal=GPIO_Output
PB13.Signal=GPIO_Output
PB15.Signal=GPXTI15
PinOutPanel.RotationAngle=0
RCC.FamilyName=M
RCC.SYSCLKSource=RCC_SYSCLKSOURCE_PLLCLK
ProjectManager.StackSize=0x400
PB11.GPIO_Speed=GPIO_SPEED_FREQ_HIGH
PD1-OSC_OUT.Signal=RCC_OSC_OUT
PB0.GPIO_Speed=GPIO_SPEED_FREQ_HIGH
PA13.Signal=SYS_JTMS-SWDIO
RCC.FCLKCortexFreq_Value=72000000
NVIC.SVCall_IRQn=true\:0\:0\:false\:false\:true\:false\:false
Mcu.IP2=SYS
Mcu.IP3=TIM4
Mcu.IP0=NVIC
Mcu.IP1=RCC
Mcu.UserConstants=
VP_TIM4_VS_ClockSourceINT.Signal=TIM4_VS_ClockSourceINT
ProjectManager.TargetToolchain=MDK-ARM V5.27
TIM4.IPParameters=Prescaler,Period
PB10.GPIO_Label=i2c1_SCL
PB0.PinState=GPIO_PIN_SET
Mcu.ThirdPartyNb=0
PB1.GPIO_PuPd=GPIO_PULLUP
RCC.HCLKFreq_Value=72000000
Mcu.IPNb=4
ProjectManager.PreviousToolchain=
RCC.APB2TimFreq_Value=72000000
PB2.GPIOParameters=GPIO_Speed,GPIO_PuPd
PB13.GPIO_Speed=GPIO_SPEED_FREQ_HIGH
PB13.GPIO_ModeDefaultOutputPP=GPIO_MODE_OUTPUT_PP
PB11.GPIOParameters=GPIO_Speed,PinState,GPIO_PuPd,GPIO_Label
SH.GPXTI12.ConfNb=1
Mcu.Pin6=PB11
Mcu.Pin7=PB12
Mcu.Pin8=PB13
RCC.USBFreq_Value=72000000
Mcu.Pin9=PB15
TIM4.Prescaler=72-1
RCC.AHBFreq_Value=72000000
PB13.Locked=true
PB1.Locked=true
Mcu.Pin0=PD0-OSC_IN
Mcu.Pin1=PD1-OSC_OUT
GPIO.groupedBy=Group By Peripherals
Mcu.Pin2=PB0
PD0-OSC_IN.Mode=HSE-External-Oscillator
PB10.Signal=GPIO_Output
Mcu.Pin3=PB1
Mcu.Pin4=PB2
NVIC.EXTI15_10_IRQn=true\:0\:0\:false\:false\:true\:true\:true
Mcu.Pin5=PB10
ProjectManager.ProjectBuild=false
NVIC.UsageFault_IRQn=true\:0\:0\:false\:false\:true\:false\:false
NVIC.DebugMonitor_IRQn=true\:0\:0\:false\:false\:true\:false\:false
PB2.Signal=GPIO_Output
board=custom
NVIC.SysTick_IRQn=true\:0\:0\:false\:false\:true\:false\:true
ProjectManager.LastFirmware=true
SH.GPXTI12.0=GPIO_EXTI12
RCC.PLLMUL=RCC_PLL_MUL9
PB12.GPIO_Label=SENSOR_INT2
PB13.GPIO_PuPd=GPIO_PULLUP
RCC.VCOOutput2Freq_Value=8000000
ProjectManager.FirmwarePackage=STM32Cube FW_F1 V1.8.0
MxDb.Version=DB.5.0.60
PB0.GPIOParameters=GPIO_Speed,PinState,GPIO_PuPd,GPIO_Label
RCC.APB2Freq_Value=72000000
PB13.PinState=GPIO_PIN_SET
ProjectManager.BackupPrevious=false
MxCube.Version=5.6.1
PB15.GPIO_Label=SENSOR_INT1
PB1.GPIO_Speed=GPIO_SPEED_FREQ_HIGH
PA14.Mode=Serial_Wire
PB1.GPIO_Label=i2c2_SDA
File.Version=6
VP_SYS_VS_Systick.Mode=SysTick
NVIC.NonMaskableInt_IRQn=true\:0\:0\:false\:false\:true\:false\:false
NVIC.PendSV_IRQn=true\:0\:0\:false\:false\:true\:false\:false
TIM4.Period=1000-1
PB15.GPIOParameters=GPIO_Label
PA13.Mode=Serial_Wire
ProjectManager.FreePins=false
RCC.IPParameters=ADCFreqValue,AHBFreq_Value,APB1CLKDivider,APB1Freq_Value,APB1TimFreq_Value,APB2Freq_Value,APB2TimFreq_Value,FCLKCortexFreq_Value,FamilyName,HCLKFreq_Value,MCOFreq_Value,PLLCLKFreq_Value,PLLMCOFreq_Value,PLLMUL,PLLSourceVirtual,SYSCLKFreq_VALUE,SYSCLKSource,TimSysFreq_Value,USBFreq_Value,VCOOutput2Freq_Value
ProjectManager.AskForMigrate=true
Mcu.Name=STM32F103C(8-B)Tx
ProjectManager.HalAssertFull=false
PB0.Locked=true
PB2.GPIO_PuPd=GPIO_PULLUP
ProjectManager.ProjectName=oled
ProjectManager.UnderRoot=false
PB2.Locked=true
PB1.PinState=GPIO_PIN_SET
RCC.PLLMCOFreq_Value=36000000
ProjectManager.CoupleFile=true
RCC.SYSCLKFreq_VALUE=72000000
Mcu.Package=LQFP48
PB1.Signal=GPIO_Output
RCC.TimSysFreq_Value=72000000
NVIC.ForceEnableDMAVector=true
KeepUserPlacement=false
NVIC.MemoryManagement_IRQn=true\:0\:0\:false\:false\:true\:false\:false
ProjectManager.CompilerOptimize=6
ProjectManager.ToolChainLocation=
VP_SYS_VS_Systick.Signal=SYS_VS_Systick
PA14.Signal=SYS_JTCK-SWCLK
ProjectManager.HeapSize=0x200
PB11.PinState=GPIO_PIN_SET
NVIC.HardFault_IRQn=true\:0\:0\:false\:false\:true\:false\:false
Mcu.Pin13=VP_TIM4_VS_ClockSourceINT
SH.GPXTI15.ConfNb=1
ProjectManager.ComputerToolchain=false
VP_TIM4_VS_ClockSourceINT.Mode=Internal
NVIC.PriorityGroup=NVIC_PRIORITYGROUP_4
SH.GPXTI15.0=GPIO_EXTI15
Mcu.Pin11=PA14
Mcu.Pin12=VP_SYS_VS_Systick
Mcu.Pin10=PA13
RCC.APB1TimFreq_Value=72000000
NVIC.BusFault_IRQn=true\:0\:0\:false\:false\:true\:false\:false
PB10.GPIOParameters=GPIO_Speed,PinState,GPIO_PuPd,GPIO_Label
NVIC.TIM4_IRQn=true\:0\:0\:false\:false\:true\:true\:true
RCC.APB1Freq_Value=36000000
PB0.Signal=GPIO_Output
ProjectManager.CustomerFirmwarePackage=
PB11.Locked=true
ProjectManager.DeviceId=STM32F103C8Tx
PB12.GPIOParameters=GPIO_Label
PB12.Signal=GPXTI12
ProjectManager.LibraryCopy=1
PB0.GPIO_PuPd=GPIO_PULLUP
PB15.Locked=true
PB1.GPIOParameters=GPIO_Speed,PinState,GPIO_PuPd,GPIO_Label
